// !$*UTF8*$!
{
	archiveVersion = 1;
	classes = {
	};
	objectVersion = 56;
	objects = {

/* Begin PBXBuildFile section */
		A9138E2BAC5BA4F73CF2A437 /* Pods_iOS10_HW21_Bessonov_Ilia.framework in Frameworks */ = {isa = PBXBuildFile; fileRef = E99532A1034C5B4813F59EE6 /* Pods_iOS10_HW21_Bessonov_Ilia.framework */; };
		FAA35AAE2A9F1F24004EDCF4 /* AppDelegate.swift in Sources */ = {isa = PBXBuildFile; fileRef = FAA35AAD2A9F1F24004EDCF4 /* AppDelegate.swift */; };
		FAA35AB02A9F1F24004EDCF4 /* SceneDelegate.swift in Sources */ = {isa = PBXBuildFile; fileRef = FAA35AAF2A9F1F24004EDCF4 /* SceneDelegate.swift */; };
		FAA35AB72A9F1F26004EDCF4 /* Assets.xcassets in Resources */ = {isa = PBXBuildFile; fileRef = FAA35AB62A9F1F26004EDCF4 /* Assets.xcassets */; };
		FAA35ABA2A9F1F26004EDCF4 /* LaunchScreen.storyboard in Resources */ = {isa = PBXBuildFile; fileRef = FAA35AB82A9F1F26004EDCF4 /* LaunchScreen.storyboard */; };
		FAA35AC82A9F2269004EDCF4 /* MainScreenViewController.swift in Sources */ = {isa = PBXBuildFile; fileRef = FAA35AC72A9F2269004EDCF4 /* MainScreenViewController.swift */; };
		FAA35ACD2A9F2F7A004EDCF4 /* UIView+Extensions.swift in Sources */ = {isa = PBXBuildFile; fileRef = FAA35ACC2A9F2F7A004EDCF4 /* UIView+Extensions.swift */; };
		FAA35AD02A9F464D004EDCF4 /* MarvelData.swift in Sources */ = {isa = PBXBuildFile; fileRef = FAA35ACF2A9F464D004EDCF4 /* MarvelData.swift */; };
		FAA35AD72A9F6156004EDCF4 /* NetworkManager.swift in Sources */ = {isa = PBXBuildFile; fileRef = FAA35AD62A9F6156004EDCF4 /* NetworkManager.swift */; };
		FAA35ADA2A9F7AD5004EDCF4 /* ErrorMessage.swift in Sources */ = {isa = PBXBuildFile; fileRef = FAA35AD92A9F7AD5004EDCF4 /* ErrorMessage.swift */; };
		FAA35ADC2A9F97C6004EDCF4 /* MarvelTableViewCell.swift in Sources */ = {isa = PBXBuildFile; fileRef = FAA35ADB2A9F97C6004EDCF4 /* MarvelTableViewCell.swift */; };
		FAA35AE22AA25766004EDCF4 /* DetailViewController.swift in Sources */ = {isa = PBXBuildFile; fileRef = FAA35AE12AA25766004EDCF4 /* DetailViewController.swift */; };
		FAA35AE62AA336B8004EDCF4 /* AlertViewController.swift in Sources */ = {isa = PBXBuildFile; fileRef = FAA35AE52AA336B8004EDCF4 /* AlertViewController.swift */; };
		FAA35AE82AA3477A004EDCF4 /* UIViewController+Extensions.swift in Sources */ = {isa = PBXBuildFile; fileRef = FAA35AE72AA3477A004EDCF4 /* UIViewController+Extensions.swift */; };
/* End PBXBuildFile section */

/* Begin PBXFileReference section */
		1D70023F21B6DE47A4763F7A /* Pods-iOS10-HW21-Bessonov Ilia.release.xcconfig */ = {isa = PBXFileReference; includeInIndex = 1; lastKnownFileType = text.xcconfig; name = "Pods-iOS10-HW21-Bessonov Ilia.release.xcconfig"; path = "Target Support Files/Pods-iOS10-HW21-Bessonov Ilia/Pods-iOS10-HW21-Bessonov Ilia.release.xcconfig"; sourceTree = "<group>"; };
		E99532A1034C5B4813F59EE6 /* Pods_iOS10_HW21_Bessonov_Ilia.framework */ = {isa = PBXFileReference; explicitFileType = wrapper.framework; includeInIndex = 0; path = Pods_iOS10_HW21_Bessonov_Ilia.framework; sourceTree = BUILT_PRODUCTS_DIR; };
		FAA35AAA2A9F1F24004EDCF4 /* iOS10-HW21-Bessonov Ilia.app */ = {isa = PBXFileReference; explicitFileType = wrapper.application; includeInIndex = 0; path = "iOS10-HW21-Bessonov Ilia.app"; sourceTree = BUILT_PRODUCTS_DIR; };
		FAA35AAD2A9F1F24004EDCF4 /* AppDelegate.swift */ = {isa = PBXFileReference; lastKnownFileType = sourcecode.swift; path = AppDelegate.swift; sourceTree = "<group>"; };
		FAA35AAF2A9F1F24004EDCF4 /* SceneDelegate.swift */ = {isa = PBXFileReference; lastKnownFileType = sourcecode.swift; path = SceneDelegate.swift; sourceTree = "<group>"; };
		FAA35AB62A9F1F26004EDCF4 /* Assets.xcassets */ = {isa = PBXFileReference; lastKnownFileType = folder.assetcatalog; path = Assets.xcassets; sourceTree = "<group>"; };
		FAA35AB92A9F1F26004EDCF4 /* Base */ = {isa = PBXFileReference; lastKnownFileType = file.storyboard; name = Base; path = Base.lproj/LaunchScreen.storyboard; sourceTree = "<group>"; };
		FAA35ABB2A9F1F26004EDCF4 /* Info.plist */ = {isa = PBXFileReference; lastKnownFileType = text.plist.xml; path = Info.plist; sourceTree = "<group>"; };
		FAA35AC72A9F2269004EDCF4 /* MainScreenViewController.swift */ = {isa = PBXFileReference; lastKnownFileType = sourcecode.swift; path = MainScreenViewController.swift; sourceTree = "<group>"; };
		FAA35ACC2A9F2F7A004EDCF4 /* UIView+Extensions.swift */ = {isa = PBXFileReference; lastKnownFileType = sourcecode.swift; path = "UIView+Extensions.swift"; sourceTree = "<group>"; };
		FAA35ACF2A9F464D004EDCF4 /* MarvelData.swift */ = {isa = PBXFileReference; lastKnownFileType = sourcecode.swift; path = MarvelData.swift; sourceTree = "<group>"; };
		FAA35AD62A9F6156004EDCF4 /* NetworkManager.swift */ = {isa = PBXFileReference; lastKnownFileType = sourcecode.swift; path = NetworkManager.swift; sourceTree = "<group>"; };
		FAA35AD92A9F7AD5004EDCF4 /* ErrorMessage.swift */ = {isa = PBXFileReference; lastKnownFileType = sourcecode.swift; path = ErrorMessage.swift; sourceTree = "<group>"; };
		FAA35ADB2A9F97C6004EDCF4 /* MarvelTableViewCell.swift */ = {isa = PBXFileReference; lastKnownFileType = sourcecode.swift; path = MarvelTableViewCell.swift; sourceTree = "<group>"; };
		FAA35AE12AA25766004EDCF4 /* DetailViewController.swift */ = {isa = PBXFileReference; lastKnownFileType = sourcecode.swift; path = DetailViewController.swift; sourceTree = "<group>"; };
		FAA35AE52AA336B8004EDCF4 /* AlertViewController.swift */ = {isa = PBXFileReference; lastKnownFileType = sourcecode.swift; path = AlertViewController.swift; sourceTree = "<group>"; };
		FAA35AE72AA3477A004EDCF4 /* UIViewController+Extensions.swift */ = {isa = PBXFileReference; lastKnownFileType = sourcecode.swift; path = "UIViewController+Extensions.swift"; sourceTree = "<group>"; };
		FE210646CE24E80475069B55 /* Pods-iOS10-HW21-Bessonov Ilia.debug.xcconfig */ = {isa = PBXFileReference; includeInIndex = 1; lastKnownFileType = text.xcconfig; name = "Pods-iOS10-HW21-Bessonov Ilia.debug.xcconfig"; path = "Target Support Files/Pods-iOS10-HW21-Bessonov Ilia/Pods-iOS10-HW21-Bessonov Ilia.debug.xcconfig"; sourceTree = "<group>"; };
/* End PBXFileReference section */

/* Begin PBXFrameworksBuildPhase section */
		FAA35AA72A9F1F24004EDCF4 /* Frameworks */ = {
			isa = PBXFrameworksBuildPhase;
			buildActionMask = 2147483647;
			files = (
				A9138E2BAC5BA4F73CF2A437 /* Pods_iOS10_HW21_Bessonov_Ilia.framework in Frameworks */,
			);
			runOnlyForDeploymentPostprocessing = 0;
		};
/* End PBXFrameworksBuildPhase section */

/* Begin PBXGroup section */
		3136B3B001894ADE6A1292AD /* Pods */ = {
			isa = PBXGroup;
			children = (
				FE210646CE24E80475069B55 /* Pods-iOS10-HW21-Bessonov Ilia.debug.xcconfig */,
				1D70023F21B6DE47A4763F7A /* Pods-iOS10-HW21-Bessonov Ilia.release.xcconfig */,
			);
			path = Pods;
			sourceTree = "<group>";
		};
		C30B8D836E070649CE298384 /* Frameworks */ = {
			isa = PBXGroup;
			children = (
				E99532A1034C5B4813F59EE6 /* Pods_iOS10_HW21_Bessonov_Ilia.framework */,
			);
			name = Frameworks;
			sourceTree = "<group>";
		};
		FAA35AA12A9F1F24004EDCF4 = {
			isa = PBXGroup;
			children = (
				FAA35AAC2A9F1F24004EDCF4 /* iOS10-HW21-Bessonov Ilia */,
				FAA35AAB2A9F1F24004EDCF4 /* Products */,
				3136B3B001894ADE6A1292AD /* Pods */,
				C30B8D836E070649CE298384 /* Frameworks */,
			);
			sourceTree = "<group>";
		};
		FAA35AAB2A9F1F24004EDCF4 /* Products */ = {
			isa = PBXGroup;
			children = (
				FAA35AAA2A9F1F24004EDCF4 /* iOS10-HW21-Bessonov Ilia.app */,
			);
			name = Products;
			sourceTree = "<group>";
		};
		FAA35AAC2A9F1F24004EDCF4 /* iOS10-HW21-Bessonov Ilia */ = {
			isa = PBXGroup;
			children = (
				FAA35AD82A9F7A7E004EDCF4 /* Utilities */,
				FAA35AD52A9F6121004EDCF4 /* Managers */,
				FAA35ACE2A9F2F99004EDCF4 /* Model */,
				FAA35ACB2A9F2F2A004EDCF4 /* Extensions */,
				FAA35AC12A9F2004004EDCF4 /* Sources */,
				FAA35AC22A9F2016004EDCF4 /* Resources */,
			);
			path = "iOS10-HW21-Bessonov Ilia";
			sourceTree = "<group>";
		};
		FAA35AC12A9F2004004EDCF4 /* Sources */ = {
			isa = PBXGroup;
			children = (
				FAA35AC52A9F21E6004EDCF4 /* Ui */,
				FAA35AC42A9F205D004EDCF4 /* Storyboards */,
				FAA35AC32A9F2047004EDCF4 /* App */,
			);
			path = Sources;
			sourceTree = "<group>";
		};
		FAA35AC22A9F2016004EDCF4 /* Resources */ = {
			isa = PBXGroup;
			children = (
				FAA35AB62A9F1F26004EDCF4 /* Assets.xcassets */,
				FAA35ABB2A9F1F26004EDCF4 /* Info.plist */,
			);
			path = Resources;
			sourceTree = "<group>";
		};
		FAA35AC32A9F2047004EDCF4 /* App */ = {
			isa = PBXGroup;
			children = (
				FAA35AAD2A9F1F24004EDCF4 /* AppDelegate.swift */,
				FAA35AAF2A9F1F24004EDCF4 /* SceneDelegate.swift */,
			);
			path = App;
			sourceTree = "<group>";
		};
		FAA35AC42A9F205D004EDCF4 /* Storyboards */ = {
			isa = PBXGroup;
			children = (
				FAA35AB82A9F1F26004EDCF4 /* LaunchScreen.storyboard */,
			);
			path = Storyboards;
			sourceTree = "<group>";
		};
		FAA35AC52A9F21E6004EDCF4 /* Ui */ = {
			isa = PBXGroup;
			children = (
				FAA35AE42AA33624004EDCF4 /* Alert */,
				FAA35AC62A9F2241004EDCF4 /* MainScreen */,
			);
			path = Ui;
			sourceTree = "<group>";
		};
		FAA35AC62A9F2241004EDCF4 /* MainScreen */ = {
			isa = PBXGroup;
			children = (
				FAA35AE32AA2578B004EDCF4 /* Details */,
				FAA35ADD2A9F97D2004EDCF4 /* Cells */,
				FAA35AC72A9F2269004EDCF4 /* MainScreenViewController.swift */,
			);
			path = MainScreen;
			sourceTree = "<group>";
		};
		FAA35ACB2A9F2F2A004EDCF4 /* Extensions */ = {
			isa = PBXGroup;
			children = (
				FAA35ACC2A9F2F7A004EDCF4 /* UIView+Extensions.swift */,
				FAA35AE72AA3477A004EDCF4 /* UIViewController+Extensions.swift */,
			);
			path = Extensions;
			sourceTree = "<group>";
		};
		FAA35ACE2A9F2F99004EDCF4 /* Model */ = {
			isa = PBXGroup;
			children = (
				FAA35ACF2A9F464D004EDCF4 /* MarvelData.swift */,
			);
			path = Model;
			sourceTree = "<group>";
		};
		FAA35AD52A9F6121004EDCF4 /* Managers */ = {
			isa = PBXGroup;
			children = (
				FAA35AD62A9F6156004EDCF4 /* NetworkManager.swift */,
			);
			path = Managers;
			sourceTree = "<group>";
		};
		FAA35AD82A9F7A7E004EDCF4 /* Utilities */ = {
			isa = PBXGroup;
			children = (
				FAA35AD92A9F7AD5004EDCF4 /* ErrorMessage.swift */,
			);
			path = Utilities;
			sourceTree = "<group>";
		};
		FAA35ADD2A9F97D2004EDCF4 /* Cells */ = {
			isa = PBXGroup;
			children = (
				FAA35ADB2A9F97C6004EDCF4 /* MarvelTableViewCell.swift */,
			);
			path = Cells;
			sourceTree = "<group>";
		};
		FAA35AE32AA2578B004EDCF4 /* Details */ = {
			isa = PBXGroup;
			children = (
				FAA35AE12AA25766004EDCF4 /* DetailViewController.swift */,
			);
			path = Details;
			sourceTree = "<group>";
		};
		FAA35AE42AA33624004EDCF4 /* Alert */ = {
			isa = PBXGroup;
			children = (
				FAA35AE52AA336B8004EDCF4 /* AlertViewController.swift */,
			);
			path = Alert;
			sourceTree = "<group>";
		};
/* End PBXGroup section */

/* Begin PBXNativeTarget section */
		FAA35AA92A9F1F24004EDCF4 /* iOS10-HW21-Bessonov Ilia */ = {
			isa = PBXNativeTarget;
			buildConfigurationList = FAA35ABE2A9F1F26004EDCF4 /* Build configuration list for PBXNativeTarget "iOS10-HW21-Bessonov Ilia" */;
			buildPhases = (
				12D0E60983C2E54BD7E7F825 /* [CP] Check Pods Manifest.lock */,
				FAA35AA62A9F1F24004EDCF4 /* Sources */,
				FAA35AA72A9F1F24004EDCF4 /* Frameworks */,
				FAA35AA82A9F1F24004EDCF4 /* Resources */,
				2E2741011D02232780CBCD51 /* [CP] Embed Pods Frameworks */,
			);
			buildRules = (
			);
			dependencies = (
			);
			name = "iOS10-HW21-Bessonov Ilia";
			productName = "iOS10-HW21-Bessonov Ilia";
			productReference = FAA35AAA2A9F1F24004EDCF4 /* iOS10-HW21-Bessonov Ilia.app */;
			productType = "com.apple.product-type.application";
		};
/* End PBXNativeTarget section */

/* Begin PBXProject section */
		FAA35AA22A9F1F24004EDCF4 /* Project object */ = {
			isa = PBXProject;
			attributes = {
				BuildIndependentTargetsInParallel = 1;
				LastSwiftUpdateCheck = 1430;
				LastUpgradeCheck = 1430;
				TargetAttributes = {
					FAA35AA92A9F1F24004EDCF4 = {
						CreatedOnToolsVersion = 14.3.1;
					};
				};
			};
			buildConfigurationList = FAA35AA52A9F1F24004EDCF4 /* Build configuration list for PBXProject "iOS10-HW21-Bessonov Ilia" */;
			compatibilityVersion = "Xcode 14.0";
			developmentRegion = en;
			hasScannedForEncodings = 0;
			knownRegions = (
				en,
				Base,
			);
			mainGroup = FAA35AA12A9F1F24004EDCF4;
			productRefGroup = FAA35AAB2A9F1F24004EDCF4 /* Products */;
			projectDirPath = "";
			projectRoot = "";
			targets = (
				FAA35AA92A9F1F24004EDCF4 /* iOS10-HW21-Bessonov Ilia */,
			);
		};
/* End PBXProject section */

/* Begin PBXResourcesBuildPhase section */
		FAA35AA82A9F1F24004EDCF4 /* Resources */ = {
			isa = PBXResourcesBuildPhase;
			buildActionMask = 2147483647;
			files = (
				FAA35ABA2A9F1F26004EDCF4 /* LaunchScreen.storyboard in Resources */,
				FAA35AB72A9F1F26004EDCF4 /* Assets.xcassets in Resources */,
			);
			runOnlyForDeploymentPostprocessing = 0;
		};
/* End PBXResourcesBuildPhase section */

/* Begin PBXShellScriptBuildPhase section */
		12D0E60983C2E54BD7E7F825 /* [CP] Check Pods Manifest.lock */ = {
			isa = PBXShellScriptBuildPhase;
			buildActionMask = 2147483647;
			files = (
			);
			inputFileListPaths = (
			);
			inputPaths = (
				"${PODS_PODFILE_DIR_PATH}/Podfile.lock",
				"${PODS_ROOT}/Manifest.lock",
			);
			name = "[CP] Check Pods Manifest.lock";
			outputFileListPaths = (
			);
			outputPaths = (
				"$(DERIVED_FILE_DIR)/Pods-iOS10-HW21-Bessonov Ilia-checkManifestLockResult.txt",
			);
			runOnlyForDeploymentPostprocessing = 0;
			shellPath = /bin/sh;
			shellScript = "diff \"${PODS_PODFILE_DIR_PATH}/Podfile.lock\" \"${PODS_ROOT}/Manifest.lock\" > /dev/null\nif [ $? != 0 ] ; then\n    # print error to STDERR\n    echo \"error: The sandbox is not in sync with the Podfile.lock. Run 'pod install' or update your CocoaPods installation.\" >&2\n    exit 1\nfi\n# This output is used by Xcode 'outputs' to avoid re-running this script phase.\necho \"SUCCESS\" > \"${SCRIPT_OUTPUT_FILE_0}\"\n";
			showEnvVarsInLog = 0;
		};
		2E2741011D02232780CBCD51 /* [CP] Embed Pods Frameworks */ = {
			isa = PBXShellScriptBuildPhase;
			buildActionMask = 2147483647;
			files = (
			);
			inputFileListPaths = (
				"${PODS_ROOT}/Target Support Files/Pods-iOS10-HW21-Bessonov Ilia/Pods-iOS10-HW21-Bessonov Ilia-frameworks-${CONFIGURATION}-input-files.xcfilelist",
			);
			name = "[CP] Embed Pods Frameworks";
			outputFileListPaths = (
				"${PODS_ROOT}/Target Support Files/Pods-iOS10-HW21-Bessonov Ilia/Pods-iOS10-HW21-Bessonov Ilia-frameworks-${CONFIGURATION}-output-files.xcfilelist",
			);
			runOnlyForDeploymentPostprocessing = 0;
			shellPath = /bin/sh;
			shellScript = "\"${PODS_ROOT}/Target Support Files/Pods-iOS10-HW21-Bessonov Ilia/Pods-iOS10-HW21-Bessonov Ilia-frameworks.sh\"\n";
			showEnvVarsInLog = 0;
		};
/* End PBXShellScriptBuildPhase section */

/* Begin PBXSourcesBuildPhase section */
		FAA35AA62A9F1F24004EDCF4 /* Sources */ = {
			isa = PBXSourcesBuildPhase;
			buildActionMask = 2147483647;
			files = (
				FAA35AD72A9F6156004EDCF4 /* NetworkManager.swift in Sources */,
				FAA35AAE2A9F1F24004EDCF4 /* AppDelegate.swift in Sources */,
				FAA35ADA2A9F7AD5004EDCF4 /* ErrorMessage.swift in Sources */,
				FAA35AB02A9F1F24004EDCF4 /* SceneDelegate.swift in Sources */,
				FAA35AE82AA3477A004EDCF4 /* UIViewController+Extensions.swift in Sources */,
				FAA35ADC2A9F97C6004EDCF4 /* MarvelTableViewCell.swift in Sources */,
				FAA35ACD2A9F2F7A004EDCF4 /* UIView+Extensions.swift in Sources */,
				FAA35AE62AA336B8004EDCF4 /* AlertViewController.swift in Sources */,
				FAA35AE22AA25766004EDCF4 /* DetailViewController.swift in Sources */,
				FAA35AD02A9F464D004EDCF4 /* MarvelData.swift in Sources */,
				FAA35AC82A9F2269004EDCF4 /* MainScreenViewController.swift in Sources */,
			);
			runOnlyForDeploymentPostprocessing = 0;
		};
/* End PBXSourcesBuildPhase section */

/* Begin PBXVariantGroup section */
		FAA35AB82A9F1F26004EDCF4 /* LaunchScreen.storyboard */ = {
			isa = PBXVariantGroup;
			children = (
				FAA35AB92A9F1F26004EDCF4 /* Base */,
			);
			name = LaunchScreen.storyboard;
			sourceTree = "<group>";
		};
/* End PBXVariantGroup section */

/* Begin XCBuildConfiguration section */
		FAA35ABC2A9F1F26004EDCF4 /* Debug */ = {
			isa = XCBuildConfiguration;
			buildSettings = {
				ALWAYS_SEARCH_USER_PATHS = NO;
				CLANG_ANALYZER_NONNULL = YES;
				CLANG_ANALYZER_NUMBER_OBJECT_CONVERSION = YES_AGGRESSIVE;
				CLANG_CXX_LANGUAGE_STANDARD = "gnu++20";
				CLANG_ENABLE_MODULES = YES;
				CLANG_ENABLE_OBJC_ARC = YES;
				CLANG_ENABLE_OBJC_WEAK = YES;
				CLANG_WARN_BLOCK_CAPTURE_AUTORELEASING = YES;
				CLANG_WARN_BOOL_CONVERSION = YES;
				CLANG_WARN_COMMA = YES;
				CLANG_WARN_CONSTANT_CONVERSION = YES;
				CLANG_WARN_DEPRECATED_OBJC_IMPLEMENTATIONS = YES;
				CLANG_WARN_DIRECT_OBJC_ISA_USAGE = YES_ERROR;
				CLANG_WARN_DOCUMENTATION_COMMENTS = YES;
				CLANG_WARN_EMPTY_BODY = YES;
				CLANG_WARN_ENUM_CONVERSION = YES;
				CLANG_WARN_INFINITE_RECURSION = YES;
				CLANG_WARN_INT_CONVERSION = YES;
				CLANG_WARN_NON_LITERAL_NULL_CONVERSION = YES;
				CLANG_WARN_OBJC_IMPLICIT_RETAIN_SELF = YES;
				CLANG_WARN_OBJC_LITERAL_CONVERSION = YES;
				CLANG_WARN_OBJC_ROOT_CLASS = YES_ERROR;
				CLANG_WARN_QUOTED_INCLUDE_IN_FRAMEWORK_HEADER = YES;
				CLANG_WARN_RANGE_LOOP_ANALYSIS = YES;
				CLANG_WARN_STRICT_PROTOTYPES = YES;
				CLANG_WARN_SUSPICIOUS_MOVE = YES;
				CLANG_WARN_UNGUARDED_AVAILABILITY = YES_AGGRESSIVE;
				CLANG_WARN_UNREACHABLE_CODE = YES;
				CLANG_WARN__DUPLICATE_METHOD_MATCH = YES;
				COPY_PHASE_STRIP = NO;
				DEBUG_INFORMATION_FORMAT = dwarf;
				ENABLE_STRICT_OBJC_MSGSEND = YES;
				ENABLE_TESTABILITY = YES;
				GCC_C_LANGUAGE_STANDARD = gnu11;
				GCC_DYNAMIC_NO_PIC = NO;
				GCC_NO_COMMON_BLOCKS = YES;
				GCC_OPTIMIZATION_LEVEL = 0;
				GCC_PREPROCESSOR_DEFINITIONS = (
					"DEBUG=1",
					"$(inherited)",
				);
				GCC_WARN_64_TO_32_BIT_CONVERSION = YES;
				GCC_WARN_ABOUT_RETURN_TYPE = YES_ERROR;
				GCC_WARN_UNDECLARED_SELECTOR = YES;
				GCC_WARN_UNINITIALIZED_AUTOS = YES_AGGRESSIVE;
				GCC_WARN_UNUSED_FUNCTION = YES;
				GCC_WARN_UNUSED_VARIABLE = YES;
				IPHONEOS_DEPLOYMENT_TARGET = 16.4;
				MTL_ENABLE_DEBUG_INFO = INCLUDE_SOURCE;
				MTL_FAST_MATH = YES;
				ONLY_ACTIVE_ARCH = YES;
				SDKROOT = iphoneos;
				SWIFT_ACTIVE_COMPILATION_CONDITIONS = DEBUG;
				SWIFT_OPTIMIZATION_LEVEL = "-Onone";
			};
			name = Debug;
		};
		FAA35ABD2A9F1F26004EDCF4 /* Release */ = {
			isa = XCBuildConfiguration;
			buildSettings = {
				ALWAYS_SEARCH_USER_PATHS = NO;
				CLANG_ANALYZER_NONNULL = YES;
				CLANG_ANALYZER_NUMBER_OBJECT_CONVERSION = YES_AGGRESSIVE;
				CLANG_CXX_LANGUAGE_STANDARD = "gnu++20";
				CLANG_ENABLE_MODULES = YES;
				CLANG_ENABLE_OBJC_ARC = YES;
				CLANG_ENABLE_OBJC_WEAK = YES;
				CLANG_WARN_BLOCK_CAPTURE_AUTORELEASING = YES;
				CLANG_WARN_BOOL_CONVERSION = YES;
				CLANG_WARN_COMMA = YES;
				CLANG_WARN_CONSTANT_CONVERSION = YES;
				CLANG_WARN_DEPRECATED_OBJC_IMPLEMENTATIONS = YES;
				CLANG_WARN_DIRECT_OBJC_ISA_USAGE = YES_ERROR;
				CLANG_WARN_DOCUMENTATION_COMMENTS = YES;
				CLANG_WARN_EMPTY_BODY = YES;
				CLANG_WARN_ENUM_CONVERSION = YES;
				CLANG_WARN_INFINITE_RECURSION = YES;
				CLANG_WARN_INT_CONVERSION = YES;
				CLANG_WARN_NON_LITERAL_NULL_CONVERSION = YES;
				CLANG_WARN_OBJC_IMPLICIT_RETAIN_SELF = YES;
				CLANG_WARN_OBJC_LITERAL_CONVERSION = YES;
				CLANG_WARN_OBJC_ROOT_CLASS = YES_ERROR;
				CLANG_WARN_QUOTED_INCLUDE_IN_FRAMEWORK_HEADER = YES;
				CLANG_WARN_RANGE_LOOP_ANALYSIS = YES;
				CLANG_WARN_STRICT_PROTOTYPES = YES;
				CLANG_WARN_SUSPICIOUS_MOVE = YES;
				CLANG_WARN_UNGUARDED_AVAILABILITY = YES_AGGRESSIVE;
				CLANG_WARN_UNREACHABLE_CODE = YES;
				CLANG_WARN__DUPLICATE_METHOD_MATCH = YES;
				COPY_PHASE_STRIP = NO;
				DEBUG_INFORMATION_FORMAT = "dwarf-with-dsym";
				ENABLE_NS_ASSERTIONS = NO;
				ENABLE_STRICT_OBJC_MSGSEND = YES;
				GCC_C_LANGUAGE_STANDARD = gnu11;
				GCC_NO_COMMON_BLOCKS = YES;
				GCC_WARN_64_TO_32_BIT_CONVERSION = YES;
				GCC_WARN_ABOUT_RETURN_TYPE = YES_ERROR;
				GCC_WARN_UNDECLARED_SELECTOR = YES;
				GCC_WARN_UNINITIALIZED_AUTOS = YES_AGGRESSIVE;
				GCC_WARN_UNUSED_FUNCTION = YES;
				GCC_WARN_UNUSED_VARIABLE = YES;
				IPHONEOS_DEPLOYMENT_TARGET = 16.4;
				MTL_ENABLE_DEBUG_INFO = NO;
				MTL_FAST_MATH = YES;
				SDKROOT = iphoneos;
				SWIFT_COMPILATION_MODE = wholemodule;
				SWIFT_OPTIMIZATION_LEVEL = "-O";
				VALIDATE_PRODUCT = YES;
			};
			name = Release;
		};
		FAA35ABF2A9F1F26004EDCF4 /* Debug */ = {
			isa = XCBuildConfiguration;
			baseConfigurationReference = FE210646CE24E80475069B55 /* Pods-iOS10-HW21-Bessonov Ilia.debug.xcconfig */;
			buildSettings = {
				ASSETCATALOG_COMPILER_APPICON_NAME = AppIcon;
				ASSETCATALOG_COMPILER_GLOBAL_ACCENT_COLOR_NAME = AccentColor;
				CODE_SIGN_STYLE = Automatic;
				CURRENT_PROJECT_VERSION = 1;
				DEVELOPMENT_TEAM = 5C9S7JT7L3;
				GENERATE_INFOPLIST_FILE = YES;
				INFOPLIST_FILE = "iOS10-HW21-Bessonov Ilia/Resources/Info.plist";
				INFOPLIST_KEY_UIApplicationSupportsIndirectInputEvents = YES;
				INFOPLIST_KEY_UILaunchStoryboardName = LaunchScreen;
				INFOPLIST_KEY_UISupportedInterfaceOrientations_iPad = "UIInterfaceOrientationPortrait UIInterfaceOrientationPortraitUpsideDown UIInterfaceOrientationLandscapeLeft UIInterfaceOrientationLandscapeRight";
				INFOPLIST_KEY_UISupportedInterfaceOrientations_iPhone = "UIInterfaceOrientationPortrait UIInterfaceOrientationLandscapeLeft UIInterfaceOrientationLandscapeRight";
				IPHONEOS_DEPLOYMENT_TARGET = 14.2;
				LD_RUNPATH_SEARCH_PATHS = (
					"$(inherited)",
					"@executable_path/Frameworks",
				);
				MARKETING_VERSION = 1.0;
				PRODUCT_BUNDLE_IDENTIFIER = "i0240.com.my.iOS10-HW21-Bessonov-Ilia";
				PRODUCT_NAME = "$(TARGET_NAME)";
				SWIFT_EMIT_LOC_STRINGS = YES;
				SWIFT_VERSION = 5.0;
				TARGETED_DEVICE_FAMILY = "1,2";
			};
			name = Debug;
		};
		FAA35AC02A9F1F26004EDCF4 /* Release */ = {
			isa = XCBuildConfiguration;
			baseConfigurationReference = 1D70023F21B6DE47A4763F7A /* Pods-iOS10-HW21-Bessonov Ilia.release.xcconfig */;
			buildSettings = {
				ASSETCATALOG_COMPILER_APPICON_NAME = AppIcon;
				ASSETCATALOG_COMPILER_GLOBAL_ACCENT_COLOR_NAME = AccentColor;
				CODE_SIGN_STYLE = Automatic;
				CURRENT_PROJECT_VERSION = 1;
				DEVELOPMENT_TEAM = 5C9S7JT7L3;
				GENERATE_INFOPLIST_FILE = YES;
				INFOPLIST_FILE = "iOS10-HW21-Bessonov Ilia/Resources/Info.plist";
				INFOPLIST_KEY_UIApplicationSupportsIndirectInputEvents = YES;
				INFOPLIST_KEY_UILaunchStoryboardName = LaunchScreen;
				INFOPLIST_KEY_UISupportedInterfaceOrientations_iPad = "UIInterfaceOrientationPortrait UIInterfaceOrientationPortraitUpsideDown UIInterfaceOrientationLandscapeLeft UIInterfaceOrientationLandscapeRight";
				INFOPLIST_KEY_UISupportedInterfaceOrientations_iPhone = "UIInterfaceOrientationPortrait UIInterfaceOrientationLandscapeLeft UIInterfaceOrientationLandscapeRight";
				IPHONEOS_DEPLOYMENT_TARGET = 14.2;
				LD_RUNPATH_SEARCH_PATHS = (
					"$(inherited)",
					"@executable_path/Frameworks",
				);
				MARKETING_VERSION = 1.0;
				PRODUCT_BUNDLE_IDENTIFIER = "i0240.com.my.iOS10-HW21-Bessonov-Ilia";
				PRODUCT_NAME = "$(TARGET_NAME)";
				SWIFT_EMIT_LOC_STRINGS = YES;
				SWIFT_VERSION = 5.0;
				TARGETED_DEVICE_FAMILY = "1,2";
			};
			name = Release;
		};
/* End XCBuildConfiguration section */

/* Begin XCConfigurationList section */
		FAA35AA52A9F1F24004EDCF4 /* Build configuration list for PBXProject "iOS10-HW21-Bessonov Ilia" */ = {
			isa = XCConfigurationList;
			buildConfigurations = (
				FAA35ABC2A9F1F26004EDCF4 /* Debug */,
				FAA35ABD2A9F1F26004EDCF4 /* Release */,
			);
			defaultConfigurationIsVisible = 0;
			defaultConfigurationName = Release;
		};
		FAA35ABE2A9F1F26004EDCF4 /* Build configuration list for PBXNativeTarget "iOS10-HW21-Bessonov Ilia" */ = {
			isa = XCConfigurationList;
			buildConfigurations = (
				FAA35ABF2A9F1F26004EDCF4 /* Debug */,
				FAA35AC02A9F1F26004EDCF4 /* Release */,
			);
			defaultConfigurationIsVisible = 0;
			defaultConfigurationName = Release;
		};
/* End XCConfigurationList section */
	};
	rootObject = FAA35AA22A9F1F24004EDCF4 /* Project object */;
}
